// !$*UTF8*$!
{
	archiveVersion = 1;
	classes = {
	};
	objectVersion = 50;
	objects = {

/* Begin PBXBuildFile section */
		405624262491D8920083B800 /* AppDelegate.swift in Sources */ = {isa = PBXBuildFile; fileRef = 405624252491D8920083B800 /* AppDelegate.swift */; };
		405624282491D8920083B800 /* SceneDelegate.swift in Sources */ = {isa = PBXBuildFile; fileRef = 405624272491D8920083B800 /* SceneDelegate.swift */; };
		4056242A2491D8920083B800 /* ListViewController.swift in Sources */ = {isa = PBXBuildFile; fileRef = 405624292491D8920083B800 /* ListViewController.swift */; };
		4056242D2491D8920083B800 /* Main.storyboard in Resources */ = {isa = PBXBuildFile; fileRef = 4056242B2491D8920083B800 /* Main.storyboard */; };
		4056242F2491D8950083B800 /* Assets.xcassets in Resources */ = {isa = PBXBuildFile; fileRef = 4056242E2491D8950083B800 /* Assets.xcassets */; };
		405624322491D8950083B800 /* LaunchScreen.storyboard in Resources */ = {isa = PBXBuildFile; fileRef = 405624302491D8950083B800 /* LaunchScreen.storyboard */; };
		405624492491DDA00083B800 /* Item.swift in Sources */ = {isa = PBXBuildFile; fileRef = 405624482491DDA00083B800 /* Item.swift */; };
		4056244C2491E1890083B800 /* ListTableViewDataService.swift in Sources */ = {isa = PBXBuildFile; fileRef = 4056244B2491E1890083B800 /* ListTableViewDataService.swift */; };
		405624522491E4CC0083B800 /* ItemCell.swift in Sources */ = {isa = PBXBuildFile; fileRef = 405624512491E4CC0083B800 /* ItemCell.swift */; };
		4064A62D24C0AE7E00C1BE21 /* List.swift in Sources */ = {isa = PBXBuildFile; fileRef = 4064A62C24C0AE7E00C1BE21 /* List.swift */; };
		4064A62F24C0B1CE00C1BE21 /* ListsManager.swift in Sources */ = {isa = PBXBuildFile; fileRef = 4064A62E24C0B1CE00C1BE21 /* ListsManager.swift */; };
		4064A63324C170CF00C1BE21 /* ListsThumbnailCollectionViewCell.swift in Sources */ = {isa = PBXBuildFile; fileRef = 4064A63224C170CF00C1BE21 /* ListsThumbnailCollectionViewCell.swift */; };
		4064A63524C1A0EF00C1BE21 /* ListsThumbnailCollectionViewDataService.swift in Sources */ = {isa = PBXBuildFile; fileRef = 4064A63424C1A0EF00C1BE21 /* ListsThumbnailCollectionViewDataService.swift */; };
		406BDDE3249A375800E9B99C /* ItemStructTest.swift in Sources */ = {isa = PBXBuildFile; fileRef = 406BDDE2249A375800E9B99C /* ItemStructTest.swift */; };
		406BDDE5249A3C6F00E9B99C /* ListManagerTest.swift in Sources */ = {isa = PBXBuildFile; fileRef = 406BDDE4249A3C6F00E9B99C /* ListManagerTest.swift */; };
		406BDDE8249A530500E9B99C /* ListViewControllerUnitTest.swift in Sources */ = {isa = PBXBuildFile; fileRef = 406BDDE7249A530500E9B99C /* ListViewControllerUnitTest.swift */; };
		4084636424C2BC490091E236 /* ListsTableViewCell.swift in Sources */ = {isa = PBXBuildFile; fileRef = 4084636324C2BC490091E236 /* ListsTableViewCell.swift */; };
		4084636624C2BC5A0091E236 /* ListsTableViewController.swift in Sources */ = {isa = PBXBuildFile; fileRef = 4084636524C2BC5A0091E236 /* ListsTableViewController.swift */; };
		40AA4E5424C03E0400D8B215 /* Emojis.json in Resources */ = {isa = PBXBuildFile; fileRef = 40AA4E5324C03E0400D8B215 /* Emojis.json */; };
		40AA4E5624C03E3A00D8B215 /* Emoji.swift in Sources */ = {isa = PBXBuildFile; fileRef = 40AA4E5524C03E3A00D8B215 /* Emoji.swift */; };
		40AA4E5824C03E6300D8B215 /* EmojiProvider.swift in Sources */ = {isa = PBXBuildFile; fileRef = 40AA4E5724C03E6300D8B215 /* EmojiProvider.swift */; };
		40AA4E5A24C03E7900D8B215 /* EmojiCategory.swift in Sources */ = {isa = PBXBuildFile; fileRef = 40AA4E5924C03E7900D8B215 /* EmojiCategory.swift */; };
		40AA4E5C24C0401500D8B215 /* EmojiPageViewController.swift in Sources */ = {isa = PBXBuildFile; fileRef = 40AA4E5B24C0401500D8B215 /* EmojiPageViewController.swift */; };
		40AA4E6024C0405900D8B215 /* EmojiDataService.swift in Sources */ = {isa = PBXBuildFile; fileRef = 40AA4E5F24C0405900D8B215 /* EmojiDataService.swift */; };
		40AA4E6324C0414F00D8B215 /* EmojiCollectionViewCell.swift in Sources */ = {isa = PBXBuildFile; fileRef = 40AA4E6224C0414F00D8B215 /* EmojiCollectionViewCell.swift */; };
		40AA4E6524C041CF00D8B215 /* SectionHeaderView.swift in Sources */ = {isa = PBXBuildFile; fileRef = 40AA4E6424C041CF00D8B215 /* SectionHeaderView.swift */; };
		40C8E27224938B2A00416B58 /* TimeIntervalExtentions.swift in Sources */ = {isa = PBXBuildFile; fileRef = 40C8E27124938B2A00416B58 /* TimeIntervalExtentions.swift */; };
		40C8E27824949E5500416B58 /* DataManager.swift in Sources */ = {isa = PBXBuildFile; fileRef = 40C8E27724949E5500416B58 /* DataManager.swift */; };
		40FB2C84249B7B2D001CC036 /* ListTableViewDataServiceTest.swift in Sources */ = {isa = PBXBuildFile; fileRef = 40FB2C83249B7B2D001CC036 /* ListTableViewDataServiceTest.swift */; };
/* End PBXBuildFile section */

/* Begin PBXContainerItemProxy section */
		405624392491D8960083B800 /* PBXContainerItemProxy */ = {
			isa = PBXContainerItemProxy;
			containerPortal = 4056241A2491D8920083B800 /* Project object */;
			proxyType = 1;
			remoteGlobalIDString = 405624212491D8920083B800;
			remoteInfo = Listing;
		};
/* End PBXContainerItemProxy section */

/* Begin PBXFileReference section */
		405624222491D8920083B800 /* Listing.app */ = {isa = PBXFileReference; explicitFileType = wrapper.application; includeInIndex = 0; path = Listing.app; sourceTree = BUILT_PRODUCTS_DIR; };
		405624252491D8920083B800 /* AppDelegate.swift */ = {isa = PBXFileReference; lastKnownFileType = sourcecode.swift; path = AppDelegate.swift; sourceTree = "<group>"; };
		405624272491D8920083B800 /* SceneDelegate.swift */ = {isa = PBXFileReference; lastKnownFileType = sourcecode.swift; path = SceneDelegate.swift; sourceTree = "<group>"; };
		405624292491D8920083B800 /* ListViewController.swift */ = {isa = PBXFileReference; lastKnownFileType = sourcecode.swift; path = ListViewController.swift; sourceTree = "<group>"; };
		4056242C2491D8920083B800 /* Base */ = {isa = PBXFileReference; lastKnownFileType = file.storyboard; name = Base; path = Base.lproj/Main.storyboard; sourceTree = "<group>"; };
		4056242E2491D8950083B800 /* Assets.xcassets */ = {isa = PBXFileReference; lastKnownFileType = folder.assetcatalog; path = Assets.xcassets; sourceTree = "<group>"; };
		405624312491D8950083B800 /* Base */ = {isa = PBXFileReference; lastKnownFileType = file.storyboard; name = Base; path = Base.lproj/LaunchScreen.storyboard; sourceTree = "<group>"; };
		405624332491D8950083B800 /* Info.plist */ = {isa = PBXFileReference; lastKnownFileType = text.plist.xml; path = Info.plist; sourceTree = "<group>"; };
		405624382491D8960083B800 /* ListingTests.xctest */ = {isa = PBXFileReference; explicitFileType = wrapper.cfbundle; includeInIndex = 0; path = ListingTests.xctest; sourceTree = BUILT_PRODUCTS_DIR; };
		4056243E2491D8960083B800 /* Info.plist */ = {isa = PBXFileReference; lastKnownFileType = text.plist.xml; path = Info.plist; sourceTree = "<group>"; };
		405624482491DDA00083B800 /* Item.swift */ = {isa = PBXFileReference; lastKnownFileType = sourcecode.swift; path = Item.swift; sourceTree = "<group>"; };
		4056244B2491E1890083B800 /* ListTableViewDataService.swift */ = {isa = PBXFileReference; lastKnownFileType = sourcecode.swift; path = ListTableViewDataService.swift; sourceTree = "<group>"; };
		405624512491E4CC0083B800 /* ItemCell.swift */ = {isa = PBXFileReference; lastKnownFileType = sourcecode.swift; path = ItemCell.swift; sourceTree = "<group>"; };
		4064A62C24C0AE7E00C1BE21 /* List.swift */ = {isa = PBXFileReference; lastKnownFileType = sourcecode.swift; path = List.swift; sourceTree = "<group>"; };
		4064A62E24C0B1CE00C1BE21 /* ListsManager.swift */ = {isa = PBXFileReference; lastKnownFileType = sourcecode.swift; path = ListsManager.swift; sourceTree = "<group>"; };
		4064A63224C170CF00C1BE21 /* ListsThumbnailCollectionViewCell.swift */ = {isa = PBXFileReference; lastKnownFileType = sourcecode.swift; path = ListsThumbnailCollectionViewCell.swift; sourceTree = "<group>"; };
		4064A63424C1A0EF00C1BE21 /* ListsThumbnailCollectionViewDataService.swift */ = {isa = PBXFileReference; lastKnownFileType = sourcecode.swift; path = ListsThumbnailCollectionViewDataService.swift; sourceTree = "<group>"; };
		406BDDE2249A375800E9B99C /* ItemStructTest.swift */ = {isa = PBXFileReference; lastKnownFileType = sourcecode.swift; path = ItemStructTest.swift; sourceTree = "<group>"; };
		406BDDE4249A3C6F00E9B99C /* ListManagerTest.swift */ = {isa = PBXFileReference; lastKnownFileType = sourcecode.swift; path = ListManagerTest.swift; sourceTree = "<group>"; };
		406BDDE7249A530500E9B99C /* ListViewControllerUnitTest.swift */ = {isa = PBXFileReference; lastKnownFileType = sourcecode.swift; path = ListViewControllerUnitTest.swift; sourceTree = "<group>"; };
		4084636324C2BC490091E236 /* ListsTableViewCell.swift */ = {isa = PBXFileReference; lastKnownFileType = sourcecode.swift; path = ListsTableViewCell.swift; sourceTree = "<group>"; };
		4084636524C2BC5A0091E236 /* ListsTableViewController.swift */ = {isa = PBXFileReference; lastKnownFileType = sourcecode.swift; path = ListsTableViewController.swift; sourceTree = "<group>"; };
		40AA4E5324C03E0400D8B215 /* Emojis.json */ = {isa = PBXFileReference; fileEncoding = 4; lastKnownFileType = text.json; path = Emojis.json; sourceTree = "<group>"; };
		40AA4E5524C03E3A00D8B215 /* Emoji.swift */ = {isa = PBXFileReference; lastKnownFileType = sourcecode.swift; path = Emoji.swift; sourceTree = "<group>"; };
		40AA4E5724C03E6300D8B215 /* EmojiProvider.swift */ = {isa = PBXFileReference; lastKnownFileType = sourcecode.swift; path = EmojiProvider.swift; sourceTree = "<group>"; };
		40AA4E5924C03E7900D8B215 /* EmojiCategory.swift */ = {isa = PBXFileReference; lastKnownFileType = sourcecode.swift; path = EmojiCategory.swift; sourceTree = "<group>"; };
		40AA4E5B24C0401500D8B215 /* EmojiPageViewController.swift */ = {isa = PBXFileReference; lastKnownFileType = sourcecode.swift; path = EmojiPageViewController.swift; sourceTree = "<group>"; };
		40AA4E5F24C0405900D8B215 /* EmojiDataService.swift */ = {isa = PBXFileReference; lastKnownFileType = sourcecode.swift; path = EmojiDataService.swift; sourceTree = "<group>"; };
		40AA4E6224C0414F00D8B215 /* EmojiCollectionViewCell.swift */ = {isa = PBXFileReference; lastKnownFileType = sourcecode.swift; path = EmojiCollectionViewCell.swift; sourceTree = "<group>"; };
		40AA4E6424C041CF00D8B215 /* SectionHeaderView.swift */ = {isa = PBXFileReference; lastKnownFileType = sourcecode.swift; path = SectionHeaderView.swift; sourceTree = "<group>"; };
		40C8E27124938B2A00416B58 /* TimeIntervalExtentions.swift */ = {isa = PBXFileReference; lastKnownFileType = sourcecode.swift; path = TimeIntervalExtentions.swift; sourceTree = "<group>"; };
		40C8E27724949E5500416B58 /* DataManager.swift */ = {isa = PBXFileReference; lastKnownFileType = sourcecode.swift; path = DataManager.swift; sourceTree = "<group>"; };
		40FB2C83249B7B2D001CC036 /* ListTableViewDataServiceTest.swift */ = {isa = PBXFileReference; lastKnownFileType = sourcecode.swift; path = ListTableViewDataServiceTest.swift; sourceTree = "<group>"; };
/* End PBXFileReference section */

/* Begin PBXFrameworksBuildPhase section */
		4056241F2491D8920083B800 /* Frameworks */ = {
			isa = PBXFrameworksBuildPhase;
			buildActionMask = 2147483647;
			files = (
			);
			runOnlyForDeploymentPostprocessing = 0;
		};
		405624352491D8960083B800 /* Frameworks */ = {
			isa = PBXFrameworksBuildPhase;
			buildActionMask = 2147483647;
			files = (
			);
			runOnlyForDeploymentPostprocessing = 0;
		};
/* End PBXFrameworksBuildPhase section */

/* Begin PBXGroup section */
		405624192491D8920083B800 = {
			isa = PBXGroup;
			children = (
				405624242491D8920083B800 /* Listing */,
				4056243B2491D8960083B800 /* ListingTests */,
				405624232491D8920083B800 /* Products */,
			);
			sourceTree = "<group>";
		};
		405624232491D8920083B800 /* Products */ = {
			isa = PBXGroup;
			children = (
				405624222491D8920083B800 /* Listing.app */,
				405624382491D8960083B800 /* ListingTests.xctest */,
			);
			name = Products;
			sourceTree = "<group>";
		};
		405624242491D8920083B800 /* Listing */ = {
			isa = PBXGroup;
			children = (
				4056244F2491E4930083B800 /* View */,
				405624472491DD820083B800 /* Model */,
				4056244A2491E1390083B800 /* Data Service */,
				405624502491E4990083B800 /* Controller */,
				40C8E27324939D2C00416B58 /* Delegations */,
				40C8E27024938AFE00416B58 /* Extensions */,
				405624252491D8920083B800 /* AppDelegate.swift */,
				405624272491D8920083B800 /* SceneDelegate.swift */,
				4056242B2491D8920083B800 /* Main.storyboard */,
				40AA4E5324C03E0400D8B215 /* Emojis.json */,
				4056242E2491D8950083B800 /* Assets.xcassets */,
				405624302491D8950083B800 /* LaunchScreen.storyboard */,
				405624332491D8950083B800 /* Info.plist */,
			);
			path = Listing;
			sourceTree = "<group>";
		};
		4056243B2491D8960083B800 /* ListingTests */ = {
			isa = PBXGroup;
			children = (
				40FB2C82249B7963001CC036 /* Data Service Test */,
				406BDDE6249A4E3200E9B99C /* Controller Test */,
				406BDDE0249A372E00E9B99C /* Model Test */,
			);
			path = ListingTests;
			sourceTree = "<group>";
		};
		405624472491DD820083B800 /* Model */ = {
			isa = PBXGroup;
			children = (
				40AA4E5124C03D9900D8B215 /* Emoji */,
				40AA4E5224C03DA700D8B215 /* Item */,
			);
			path = Model;
			sourceTree = "<group>";
		};
		4056244A2491E1390083B800 /* Data Service */ = {
			isa = PBXGroup;
			children = (
				40AA4E5D24C0402F00D8B215 /* Emoji */,
				4056244B2491E1890083B800 /* ListTableViewDataService.swift */,
				4064A63424C1A0EF00C1BE21 /* ListsThumbnailCollectionViewDataService.swift */,
			);
			path = "Data Service";
			sourceTree = "<group>";
		};
		4056244F2491E4930083B800 /* View */ = {
			isa = PBXGroup;
			children = (
				40AA4E6124C0413E00D8B215 /* Emoji */,
				405624512491E4CC0083B800 /* ItemCell.swift */,
				4064A63224C170CF00C1BE21 /* ListsThumbnailCollectionViewCell.swift */,
				4084636324C2BC490091E236 /* ListsTableViewCell.swift */,
			);
			path = View;
			sourceTree = "<group>";
		};
		405624502491E4990083B800 /* Controller */ = {
			isa = PBXGroup;
			children = (
				40AA4E5E24C0403600D8B215 /* Emoji */,
				405624292491D8920083B800 /* ListViewController.swift */,
				4056243E2491D8960083B800 /* Info.plist */,
				4084636524C2BC5A0091E236 /* ListsTableViewController.swift */,
			);
			path = Controller;
			sourceTree = "<group>";
		};
		406BDDE0249A372E00E9B99C /* Model Test */ = {
			isa = PBXGroup;
			children = (
				406BDDE2249A375800E9B99C /* ItemStructTest.swift */,
				406BDDE4249A3C6F00E9B99C /* ListManagerTest.swift */,
			);
			path = "Model Test";
			sourceTree = "<group>";
		};
		406BDDE6249A4E3200E9B99C /* Controller Test */ = {
			isa = PBXGroup;
			children = (
				406BDDE7249A530500E9B99C /* ListViewControllerUnitTest.swift */,
			);
			path = "Controller Test";
			sourceTree = "<group>";
		};
		40AA4E5124C03D9900D8B215 /* Emoji */ = {
			isa = PBXGroup;
			children = (
				40AA4E5524C03E3A00D8B215 /* Emoji.swift */,
				40AA4E5724C03E6300D8B215 /* EmojiProvider.swift */,
				40AA4E5924C03E7900D8B215 /* EmojiCategory.swift */,
			);
			path = Emoji;
			sourceTree = "<group>";
		};
		40AA4E5224C03DA700D8B215 /* Item */ = {
			isa = PBXGroup;
			children = (
				405624482491DDA00083B800 /* Item.swift */,
				4064A62C24C0AE7E00C1BE21 /* List.swift */,
				4064A62E24C0B1CE00C1BE21 /* ListsManager.swift */,
				40C8E27724949E5500416B58 /* DataManager.swift */,
			);
			path = Item;
			sourceTree = "<group>";
		};
		40AA4E5D24C0402F00D8B215 /* Emoji */ = {
			isa = PBXGroup;
			children = (
				40AA4E5F24C0405900D8B215 /* EmojiDataService.swift */,
			);
			path = Emoji;
			sourceTree = "<group>";
		};
		40AA4E5E24C0403600D8B215 /* Emoji */ = {
			isa = PBXGroup;
			children = (
				40AA4E5B24C0401500D8B215 /* EmojiPageViewController.swift */,
			);
			path = Emoji;
			sourceTree = "<group>";
		};
		40AA4E6124C0413E00D8B215 /* Emoji */ = {
			isa = PBXGroup;
			children = (
				40AA4E6224C0414F00D8B215 /* EmojiCollectionViewCell.swift */,
				40AA4E6424C041CF00D8B215 /* SectionHeaderView.swift */,
			);
			path = Emoji;
			sourceTree = "<group>";
		};
		40C8E27024938AFE00416B58 /* Extensions */ = {
			isa = PBXGroup;
			children = (
				40C8E27124938B2A00416B58 /* TimeIntervalExtentions.swift */,
			);
			path = Extensions;
			sourceTree = "<group>";
		};
		40C8E27324939D2C00416B58 /* Delegations */ = {
			isa = PBXGroup;
			children = (
			);
			path = Delegations;
			sourceTree = "<group>";
		};
		40FB2C82249B7963001CC036 /* Data Service Test */ = {
			isa = PBXGroup;
			children = (
				40FB2C83249B7B2D001CC036 /* ListTableViewDataServiceTest.swift */,
			);
			path = "Data Service Test";
			sourceTree = "<group>";
		};
/* End PBXGroup section */

/* Begin PBXNativeTarget section */
		405624212491D8920083B800 /* Listing */ = {
			isa = PBXNativeTarget;
			buildConfigurationList = 405624412491D8960083B800 /* Build configuration list for PBXNativeTarget "Listing" */;
			buildPhases = (
				4056241E2491D8920083B800 /* Sources */,
				4056241F2491D8920083B800 /* Frameworks */,
				405624202491D8920083B800 /* Resources */,
			);
			buildRules = (
			);
			dependencies = (
			);
			name = Listing;
			productName = Listing;
			productReference = 405624222491D8920083B800 /* Listing.app */;
			productType = "com.apple.product-type.application";
		};
		405624372491D8960083B800 /* ListingTests */ = {
			isa = PBXNativeTarget;
			buildConfigurationList = 405624442491D8960083B800 /* Build configuration list for PBXNativeTarget "ListingTests" */;
			buildPhases = (
				405624342491D8960083B800 /* Sources */,
				405624352491D8960083B800 /* Frameworks */,
				405624362491D8960083B800 /* Resources */,
			);
			buildRules = (
			);
			dependencies = (
				4056243A2491D8960083B800 /* PBXTargetDependency */,
			);
			name = ListingTests;
			productName = ListingTests;
			productReference = 405624382491D8960083B800 /* ListingTests.xctest */;
			productType = "com.apple.product-type.bundle.unit-test";
		};
/* End PBXNativeTarget section */

/* Begin PBXProject section */
		4056241A2491D8920083B800 /* Project object */ = {
			isa = PBXProject;
			attributes = {
				LastSwiftUpdateCheck = 1140;
				LastUpgradeCheck = 1140;
				ORGANIZATIONNAME = Johnny;
				TargetAttributes = {
					405624212491D8920083B800 = {
						CreatedOnToolsVersion = 11.4.1;
					};
					405624372491D8960083B800 = {
						CreatedOnToolsVersion = 11.4.1;
						LastSwiftMigration = 1150;
						TestTargetID = 405624212491D8920083B800;
					};
				};
			};
			buildConfigurationList = 4056241D2491D8920083B800 /* Build configuration list for PBXProject "Listing" */;
			compatibilityVersion = "Xcode 9.3";
			developmentRegion = en;
			hasScannedForEncodings = 0;
			knownRegions = (
				en,
				Base,
			);
			mainGroup = 405624192491D8920083B800;
			productRefGroup = 405624232491D8920083B800 /* Products */;
			projectDirPath = "";
			projectRoot = "";
			targets = (
				405624212491D8920083B800 /* Listing */,
				405624372491D8960083B800 /* ListingTests */,
			);
		};
/* End PBXProject section */

/* Begin PBXResourcesBuildPhase section */
		405624202491D8920083B800 /* Resources */ = {
			isa = PBXResourcesBuildPhase;
			buildActionMask = 2147483647;
			files = (
				405624322491D8950083B800 /* LaunchScreen.storyboard in Resources */,
				4056242F2491D8950083B800 /* Assets.xcassets in Resources */,
				40AA4E5424C03E0400D8B215 /* Emojis.json in Resources */,
				4056242D2491D8920083B800 /* Main.storyboard in Resources */,
			);
			runOnlyForDeploymentPostprocessing = 0;
		};
		405624362491D8960083B800 /* Resources */ = {
			isa = PBXResourcesBuildPhase;
			buildActionMask = 2147483647;
			files = (
			);
			runOnlyForDeploymentPostprocessing = 0;
		};
/* End PBXResourcesBuildPhase section */

/* Begin PBXSourcesBuildPhase section */
		4056241E2491D8920083B800 /* Sources */ = {
			isa = PBXSourcesBuildPhase;
			buildActionMask = 2147483647;
			files = (
				40AA4E6024C0405900D8B215 /* EmojiDataService.swift in Sources */,
				4084636424C2BC490091E236 /* ListsTableViewCell.swift in Sources */,
				405624492491DDA00083B800 /* Item.swift in Sources */,
				4056242A2491D8920083B800 /* ListViewController.swift in Sources */,
				405624262491D8920083B800 /* AppDelegate.swift in Sources */,
				40AA4E5C24C0401500D8B215 /* EmojiPageViewController.swift in Sources */,
				4064A63324C170CF00C1BE21 /* ListsThumbnailCollectionViewCell.swift in Sources */,
				40AA4E5A24C03E7900D8B215 /* EmojiCategory.swift in Sources */,
				4064A63524C1A0EF00C1BE21 /* ListsThumbnailCollectionViewDataService.swift in Sources */,
				40AA4E5824C03E6300D8B215 /* EmojiProvider.swift in Sources */,
				40C8E27224938B2A00416B58 /* TimeIntervalExtentions.swift in Sources */,
				40AA4E5624C03E3A00D8B215 /* Emoji.swift in Sources */,
				4064A62F24C0B1CE00C1BE21 /* ListsManager.swift in Sources */,
				405624522491E4CC0083B800 /* ItemCell.swift in Sources */,
				405624282491D8920083B800 /* SceneDelegate.swift in Sources */,
				40AA4E6524C041CF00D8B215 /* SectionHeaderView.swift in Sources */,
				40C8E27824949E5500416B58 /* DataManager.swift in Sources */,
				40AA4E6324C0414F00D8B215 /* EmojiCollectionViewCell.swift in Sources */,
				4064A62D24C0AE7E00C1BE21 /* List.swift in Sources */,
				4056244C2491E1890083B800 /* ListTableViewDataService.swift in Sources */,
				4084636624C2BC5A0091E236 /* ListsTableViewController.swift in Sources */,
			);
			runOnlyForDeploymentPostprocessing = 0;
		};
		405624342491D8960083B800 /* Sources */ = {
			isa = PBXSourcesBuildPhase;
			buildActionMask = 2147483647;
			files = (
				406BDDE3249A375800E9B99C /* ItemStructTest.swift in Sources */,
				406BDDE5249A3C6F00E9B99C /* ListManagerTest.swift in Sources */,
				406BDDE8249A530500E9B99C /* ListViewControllerUnitTest.swift in Sources */,
				40FB2C84249B7B2D001CC036 /* ListTableViewDataServiceTest.swift in Sources */,
			);
			runOnlyForDeploymentPostprocessing = 0;
		};
/* End PBXSourcesBuildPhase section */

/* Begin PBXTargetDependency section */
		4056243A2491D8960083B800 /* PBXTargetDependency */ = {
			isa = PBXTargetDependency;
			target = 405624212491D8920083B800 /* Listing */;
			targetProxy = 405624392491D8960083B800 /* PBXContainerItemProxy */;
		};
/* End PBXTargetDependency section */

/* Begin PBXVariantGroup section */
		4056242B2491D8920083B800 /* Main.storyboard */ = {
			isa = PBXVariantGroup;
			children = (
				4056242C2491D8920083B800 /* Base */,
			);
			name = Main.storyboard;
			sourceTree = "<group>";
		};
		405624302491D8950083B800 /* LaunchScreen.storyboard */ = {
			isa = PBXVariantGroup;
			children = (
				405624312491D8950083B800 /* Base */,
			);
			name = LaunchScreen.storyboard;
			sourceTree = "<group>";
		};
/* End PBXVariantGroup section */

/* Begin XCBuildConfiguration section */
		4056243F2491D8960083B800 /* Debug */ = {
			isa = XCBuildConfiguration;
			buildSettings = {
				ALWAYS_SEARCH_USER_PATHS = NO;
				CLANG_ANALYZER_NONNULL = YES;
				CLANG_ANALYZER_NUMBER_OBJECT_CONVERSION = YES_AGGRESSIVE;
				CLANG_CXX_LANGUAGE_STANDARD = "gnu++14";
				CLANG_CXX_LIBRARY = "libc++";
				CLANG_ENABLE_MODULES = YES;
				CLANG_ENABLE_OBJC_ARC = YES;
				CLANG_ENABLE_OBJC_WEAK = YES;
				CLANG_WARN_BLOCK_CAPTURE_AUTORELEASING = YES;
				CLANG_WARN_BOOL_CONVERSION = YES;
				CLANG_WARN_COMMA = YES;
				CLANG_WARN_CONSTANT_CONVERSION = YES;
				CLANG_WARN_DEPRECATED_OBJC_IMPLEMENTATIONS = YES;
				CLANG_WARN_DIRECT_OBJC_ISA_USAGE = YES_ERROR;
				CLANG_WARN_DOCUMENTATION_COMMENTS = YES;
				CLANG_WARN_EMPTY_BODY = YES;
				CLANG_WARN_ENUM_CONVERSION = YES;
				CLANG_WARN_INFINITE_RECURSION = YES;
				CLANG_WARN_INT_CONVERSION = YES;
				CLANG_WARN_NON_LITERAL_NULL_CONVERSION = YES;
				CLANG_WARN_OBJC_IMPLICIT_RETAIN_SELF = YES;
				CLANG_WARN_OBJC_LITERAL_CONVERSION = YES;
				CLANG_WARN_OBJC_ROOT_CLASS = YES_ERROR;
				CLANG_WARN_RANGE_LOOP_ANALYSIS = YES;
				CLANG_WARN_STRICT_PROTOTYPES = YES;
				CLANG_WARN_SUSPICIOUS_MOVE = YES;
				CLANG_WARN_UNGUARDED_AVAILABILITY = YES_AGGRESSIVE;
				CLANG_WARN_UNREACHABLE_CODE = YES;
				CLANG_WARN__DUPLICATE_METHOD_MATCH = YES;
				COPY_PHASE_STRIP = NO;
				DEBUG_INFORMATION_FORMAT = dwarf;
				ENABLE_STRICT_OBJC_MSGSEND = YES;
				ENABLE_TESTABILITY = YES;
				GCC_C_LANGUAGE_STANDARD = gnu11;
				GCC_DYNAMIC_NO_PIC = NO;
				GCC_NO_COMMON_BLOCKS = YES;
				GCC_OPTIMIZATION_LEVEL = 0;
				GCC_PREPROCESSOR_DEFINITIONS = (
					"DEBUG=1",
					"$(inherited)",
				);
				GCC_WARN_64_TO_32_BIT_CONVERSION = YES;
				GCC_WARN_ABOUT_RETURN_TYPE = YES_ERROR;
				GCC_WARN_UNDECLARED_SELECTOR = YES;
				GCC_WARN_UNINITIALIZED_AUTOS = YES_AGGRESSIVE;
				GCC_WARN_UNUSED_FUNCTION = YES;
				GCC_WARN_UNUSED_VARIABLE = YES;
				IPHONEOS_DEPLOYMENT_TARGET = 13.4;
				MTL_ENABLE_DEBUG_INFO = INCLUDE_SOURCE;
				MTL_FAST_MATH = YES;
				ONLY_ACTIVE_ARCH = YES;
				SDKROOT = iphoneos;
				SWIFT_ACTIVE_COMPILATION_CONDITIONS = DEBUG;
				SWIFT_OPTIMIZATION_LEVEL = "-Onone";
			};
			name = Debug;
		};
		405624402491D8960083B800 /* Release */ = {
			isa = XCBuildConfiguration;
			buildSettings = {
				ALWAYS_SEARCH_USER_PATHS = NO;
				CLANG_ANALYZER_NONNULL = YES;
				CLANG_ANALYZER_NUMBER_OBJECT_CONVERSION = YES_AGGRESSIVE;
				CLANG_CXX_LANGUAGE_STANDARD = "gnu++14";
				CLANG_CXX_LIBRARY = "libc++";
				CLANG_ENABLE_MODULES = YES;
				CLANG_ENABLE_OBJC_ARC = YES;
				CLANG_ENABLE_OBJC_WEAK = YES;
				CLANG_WARN_BLOCK_CAPTURE_AUTORELEASING = YES;
				CLANG_WARN_BOOL_CONVERSION = YES;
				CLANG_WARN_COMMA = YES;
				CLANG_WARN_CONSTANT_CONVERSION = YES;
				CLANG_WARN_DEPRECATED_OBJC_IMPLEMENTATIONS = YES;
				CLANG_WARN_DIRECT_OBJC_ISA_USAGE = YES_ERROR;
				CLANG_WARN_DOCUMENTATION_COMMENTS = YES;
				CLANG_WARN_EMPTY_BODY = YES;
				CLANG_WARN_ENUM_CONVERSION = YES;
				CLANG_WARN_INFINITE_RECURSION = YES;
				CLANG_WARN_INT_CONVERSION = YES;
				CLANG_WARN_NON_LITERAL_NULL_CONVERSION = YES;
				CLANG_WARN_OBJC_IMPLICIT_RETAIN_SELF = YES;
				CLANG_WARN_OBJC_LITERAL_CONVERSION = YES;
				CLANG_WARN_OBJC_ROOT_CLASS = YES_ERROR;
				CLANG_WARN_RANGE_LOOP_ANALYSIS = YES;
				CLANG_WARN_STRICT_PROTOTYPES = YES;
				CLANG_WARN_SUSPICIOUS_MOVE = YES;
				CLANG_WARN_UNGUARDED_AVAILABILITY = YES_AGGRESSIVE;
				CLANG_WARN_UNREACHABLE_CODE = YES;
				CLANG_WARN__DUPLICATE_METHOD_MATCH = YES;
				COPY_PHASE_STRIP = NO;
				DEBUG_INFORMATION_FORMAT = "dwarf-with-dsym";
				ENABLE_NS_ASSERTIONS = NO;
				ENABLE_STRICT_OBJC_MSGSEND = YES;
				GCC_C_LANGUAGE_STANDARD = gnu11;
				GCC_NO_COMMON_BLOCKS = YES;
				GCC_WARN_64_TO_32_BIT_CONVERSION = YES;
				GCC_WARN_ABOUT_RETURN_TYPE = YES_ERROR;
				GCC_WARN_UNDECLARED_SELECTOR = YES;
				GCC_WARN_UNINITIALIZED_AUTOS = YES_AGGRESSIVE;
				GCC_WARN_UNUSED_FUNCTION = YES;
				GCC_WARN_UNUSED_VARIABLE = YES;
				IPHONEOS_DEPLOYMENT_TARGET = 13.4;
				MTL_ENABLE_DEBUG_INFO = NO;
				MTL_FAST_MATH = YES;
				SDKROOT = iphoneos;
				SWIFT_COMPILATION_MODE = wholemodule;
				SWIFT_OPTIMIZATION_LEVEL = "-O";
				VALIDATE_PRODUCT = YES;
			};
			name = Release;
		};
		405624422491D8960083B800 /* Debug */ = {
			isa = XCBuildConfiguration;
			buildSettings = {
				ASSETCATALOG_COMPILER_APPICON_NAME = AppIcon;
				CODE_SIGN_STYLE = Automatic;
				DEVELOPMENT_TEAM = 57Q787Q853;
				INFOPLIST_FILE = Listing/Info.plist;
				LD_RUNPATH_SEARCH_PATHS = (
					"$(inherited)",
					"@executable_path/Frameworks",
				);
				PRODUCT_BUNDLE_IDENTIFIER = Johnny.com.Listing;
				PRODUCT_NAME = "$(TARGET_NAME)";
				SWIFT_VERSION = 5.0;
				TARGETED_DEVICE_FAMILY = "1,2";
			};
			name = Debug;
		};
		405624432491D8960083B800 /* Release */ = {
			isa = XCBuildConfiguration;
			buildSettings = {
				ASSETCATALOG_COMPILER_APPICON_NAME = AppIcon;
				CODE_SIGN_STYLE = Automatic;
				DEVELOPMENT_TEAM = 57Q787Q853;
				INFOPLIST_FILE = Listing/Info.plist;
				LD_RUNPATH_SEARCH_PATHS = (
					"$(inherited)",
					"@executable_path/Frameworks",
				);
				PRODUCT_BUNDLE_IDENTIFIER = Johnny.com.Listing;
				PRODUCT_NAME = "$(TARGET_NAME)";
				SWIFT_VERSION = 5.0;
				TARGETED_DEVICE_FAMILY = "1,2";
			};
			name = Release;
		};
		405624452491D8960083B800 /* Debug */ = {
			isa = XCBuildConfiguration;
			buildSettings = {
				ALWAYS_EMBED_SWIFT_STANDARD_LIBRARIES = YES;
				BUNDLE_LOADER = "$(TEST_HOST)";
				CLANG_ENABLE_MODULES = YES;
				CODE_SIGN_STYLE = Automatic;
				DEVELOPMENT_TEAM = 57Q787Q853;
				INFOPLIST_FILE = ListingTests/Info.plist;
				IPHONEOS_DEPLOYMENT_TARGET = 13.4;
				LD_RUNPATH_SEARCH_PATHS = (
					"$(inherited)",
					"@executable_path/Frameworks",
					"@loader_path/Frameworks",
				);
				PRODUCT_BUNDLE_IDENTIFIER = Johnny.com.ListingTests;
				PRODUCT_NAME = "$(TARGET_NAME)";
				SWIFT_OPTIMIZATION_LEVEL = "-Onone";
				SWIFT_VERSION = 5.0;
				TARGETED_DEVICE_FAMILY = "1,2";
				TEST_HOST = "$(BUILT_PRODUCTS_DIR)/Listing.app/Listing";
			};
			name = Debug;
		};
		405624462491D8960083B800 /* Release */ = {
			isa = XCBuildConfiguration;
			buildSettings = {
				ALWAYS_EMBED_SWIFT_STANDARD_LIBRARIES = YES;
				BUNDLE_LOADER = "$(TEST_HOST)";
				CLANG_ENABLE_MODULES = YES;
				CODE_SIGN_STYLE = Automatic;
				DEVELOPMENT_TEAM = 57Q787Q853;
				INFOPLIST_FILE = ListingTests/Info.plist;
				IPHONEOS_DEPLOYMENT_TARGET = 13.4;
				LD_RUNPATH_SEARCH_PATHS = (
					"$(inherited)",
					"@executable_path/Frameworks",
					"@loader_path/Frameworks",
				);
				PRODUCT_BUNDLE_IDENTIFIER = Johnny.com.ListingTests;
				PRODUCT_NAME = "$(TARGET_NAME)";
				SWIFT_VERSION = 5.0;
				TARGETED_DEVICE_FAMILY = "1,2";
				TEST_HOST = "$(BUILT_PRODUCTS_DIR)/Listing.app/Listing";
			};
			name = Release;
		};
/* End XCBuildConfiguration section */

/* Begin XCConfigurationList section */
		4056241D2491D8920083B800 /* Build configuration list for PBXProject "Listing" */ = {
			isa = XCConfigurationList;
			buildConfigurations = (
				4056243F2491D8960083B800 /* Debug */,
				405624402491D8960083B800 /* Release */,
			);
			defaultConfigurationIsVisible = 0;
			defaultConfigurationName = Release;
		};
		405624412491D8960083B800 /* Build configuration list for PBXNativeTarget "Listing" */ = {
			isa = XCConfigurationList;
			buildConfigurations = (
				405624422491D8960083B800 /* Debug */,
				405624432491D8960083B800 /* Release */,
			);
			defaultConfigurationIsVisible = 0;
			defaultConfigurationName = Release;
		};
		405624442491D8960083B800 /* Build configuration list for PBXNativeTarget "ListingTests" */ = {
			isa = XCConfigurationList;
			buildConfigurations = (
				405624452491D8960083B800 /* Debug */,
				405624462491D8960083B800 /* Release */,
			);
			defaultConfigurationIsVisible = 0;
			defaultConfigurationName = Release;
		};
/* End XCConfigurationList section */
	};
	rootObject = 4056241A2491D8920083B800 /* Project object */;
}
